// !$*UTF8*$!
{
	archiveVersion = 1;
	classes = {
	};
	objectVersion = 56;
	objects = {

/* Begin PBXBuildFile section */
		3B4ED0302BD774450000D416 /* AppDelegate.swift in Sources */ = {isa = PBXBuildFile; fileRef = 3B4ED02F2BD774450000D416 /* AppDelegate.swift */; };
		3B4ED0322BD774450000D416 /* SceneDelegate.swift in Sources */ = {isa = PBXBuildFile; fileRef = 3B4ED0312BD774450000D416 /* SceneDelegate.swift */; };
		3B4ED0342BD774450000D416 /* ViewController.swift in Sources */ = {isa = PBXBuildFile; fileRef = 3B4ED0332BD774450000D416 /* ViewController.swift */; };
		3B4ED0372BD774450000D416 /* Main.storyboard in Resources */ = {isa = PBXBuildFile; fileRef = 3B4ED0352BD774450000D416 /* Main.storyboard */; };
		3B4ED0392BD774470000D416 /* Assets.xcassets in Resources */ = {isa = PBXBuildFile; fileRef = 3B4ED0382BD774470000D416 /* Assets.xcassets */; };
		3B4ED03C2BD774470000D416 /* LaunchScreen.storyboard in Resources */ = {isa = PBXBuildFile; fileRef = 3B4ED03A2BD774470000D416 /* LaunchScreen.storyboard */; };
		3B4ED0472BD774470000D416 /* PixivTutorialTests.swift in Sources */ = {isa = PBXBuildFile; fileRef = 3B4ED0462BD774470000D416 /* PixivTutorialTests.swift */; };
		3B4ED0512BD774470000D416 /* PixivTutorialUITests.swift in Sources */ = {isa = PBXBuildFile; fileRef = 3B4ED0502BD774470000D416 /* PixivTutorialUITests.swift */; };
		3B4ED0532BD774480000D416 /* PixivTutorialUITestsLaunchTests.swift in Sources */ = {isa = PBXBuildFile; fileRef = 3B4ED0522BD774480000D416 /* PixivTutorialUITestsLaunchTests.swift */; };
		3B4ED0612BDD467A0000D416 /* CollectionViewCell.swift in Sources */ = {isa = PBXBuildFile; fileRef = 3B4ED05F2BDD467A0000D416 /* CollectionViewCell.swift */; };
		3B4ED0622BDD467A0000D416 /* CollectionViewCell.xib in Resources */ = {isa = PBXBuildFile; fileRef = 3B4ED0602BDD467A0000D416 /* CollectionViewCell.xib */; };
/* End PBXBuildFile section */

/* Begin PBXContainerItemProxy section */
		3B4ED0432BD774470000D416 /* PBXContainerItemProxy */ = {
			isa = PBXContainerItemProxy;
			containerPortal = 3B4ED0242BD774450000D416 /* Project object */;
			proxyType = 1;
			remoteGlobalIDString = 3B4ED02B2BD774450000D416;
			remoteInfo = PixivTutorial;
		};
		3B4ED04D2BD774470000D416 /* PBXContainerItemProxy */ = {
			isa = PBXContainerItemProxy;
			containerPortal = 3B4ED0242BD774450000D416 /* Project object */;
			proxyType = 1;
			remoteGlobalIDString = 3B4ED02B2BD774450000D416;
			remoteInfo = PixivTutorial;
		};
/* End PBXContainerItemProxy section */

/* Begin PBXFileReference section */
		3B4ED02C2BD774450000D416 /* PixivTutorial.app */ = {isa = PBXFileReference; explicitFileType = wrapper.application; includeInIndex = 0; path = PixivTutorial.app; sourceTree = BUILT_PRODUCTS_DIR; };
		3B4ED02F2BD774450000D416 /* AppDelegate.swift */ = {isa = PBXFileReference; lastKnownFileType = sourcecode.swift; path = AppDelegate.swift; sourceTree = "<group>"; };
		3B4ED0312BD774450000D416 /* SceneDelegate.swift */ = {isa = PBXFileReference; lastKnownFileType = sourcecode.swift; path = SceneDelegate.swift; sourceTree = "<group>"; };
		3B4ED0332BD774450000D416 /* ViewController.swift */ = {isa = PBXFileReference; lastKnownFileType = sourcecode.swift; path = ViewController.swift; sourceTree = "<group>"; };
		3B4ED0362BD774450000D416 /* Base */ = {isa = PBXFileReference; lastKnownFileType = file.storyboard; name = Base; path = Base.lproj/Main.storyboard; sourceTree = "<group>"; };
		3B4ED0382BD774470000D416 /* Assets.xcassets */ = {isa = PBXFileReference; lastKnownFileType = folder.assetcatalog; path = Assets.xcassets; sourceTree = "<group>"; };
		3B4ED03B2BD774470000D416 /* Base */ = {isa = PBXFileReference; lastKnownFileType = file.storyboard; name = Base; path = Base.lproj/LaunchScreen.storyboard; sourceTree = "<group>"; };
		3B4ED03D2BD774470000D416 /* Info.plist */ = {isa = PBXFileReference; lastKnownFileType = text.plist.xml; path = Info.plist; sourceTree = "<group>"; };
		3B4ED0422BD774470000D416 /* PixivTutorialTests.xctest */ = {isa = PBXFileReference; explicitFileType = wrapper.cfbundle; includeInIndex = 0; path = PixivTutorialTests.xctest; sourceTree = BUILT_PRODUCTS_DIR; };
		3B4ED0462BD774470000D416 /* PixivTutorialTests.swift */ = {isa = PBXFileReference; lastKnownFileType = sourcecode.swift; path = PixivTutorialTests.swift; sourceTree = "<group>"; };
		3B4ED04C2BD774470000D416 /* PixivTutorialUITests.xctest */ = {isa = PBXFileReference; explicitFileType = wrapper.cfbundle; includeInIndex = 0; path = PixivTutorialUITests.xctest; sourceTree = BUILT_PRODUCTS_DIR; };
		3B4ED0502BD774470000D416 /* PixivTutorialUITests.swift */ = {isa = PBXFileReference; lastKnownFileType = sourcecode.swift; path = PixivTutorialUITests.swift; sourceTree = "<group>"; };
		3B4ED0522BD774480000D416 /* PixivTutorialUITestsLaunchTests.swift */ = {isa = PBXFileReference; lastKnownFileType = sourcecode.swift; path = PixivTutorialUITestsLaunchTests.swift; sourceTree = "<group>"; };
		3B4ED05F2BDD467A0000D416 /* CollectionViewCell.swift */ = {isa = PBXFileReference; lastKnownFileType = sourcecode.swift; path = CollectionViewCell.swift; sourceTree = "<group>"; };
		3B4ED0602BDD467A0000D416 /* CollectionViewCell.xib */ = {isa = PBXFileReference; lastKnownFileType = file.xib; path = CollectionViewCell.xib; sourceTree = "<group>"; };
/* End PBXFileReference section */

/* Begin PBXFrameworksBuildPhase section */
		3B4ED0292BD774450000D416 /* Frameworks */ = {
			isa = PBXFrameworksBuildPhase;
			buildActionMask = 2147483647;
			files = (
			);
			runOnlyForDeploymentPostprocessing = 0;
		};
		3B4ED03F2BD774470000D416 /* Frameworks */ = {
			isa = PBXFrameworksBuildPhase;
			buildActionMask = 2147483647;
			files = (
			);
			runOnlyForDeploymentPostprocessing = 0;
		};
		3B4ED0492BD774470000D416 /* Frameworks */ = {
			isa = PBXFrameworksBuildPhase;
			buildActionMask = 2147483647;
			files = (
			);
			runOnlyForDeploymentPostprocessing = 0;
		};
/* End PBXFrameworksBuildPhase section */

/* Begin PBXGroup section */
		3B4ED0232BD774450000D416 = {
			isa = PBXGroup;
			children = (
				3B4ED02E2BD774450000D416 /* PixivTutorial */,
				3B4ED0452BD774470000D416 /* PixivTutorialTests */,
				3B4ED04F2BD774470000D416 /* PixivTutorialUITests */,
				3B4ED02D2BD774450000D416 /* Products */,
			);
			sourceTree = "<group>";
		};
		3B4ED02D2BD774450000D416 /* Products */ = {
			isa = PBXGroup;
			children = (
				3B4ED02C2BD774450000D416 /* PixivTutorial.app */,
				3B4ED0422BD774470000D416 /* PixivTutorialTests.xctest */,
				3B4ED04C2BD774470000D416 /* PixivTutorialUITests.xctest */,
			);
			name = Products;
			sourceTree = "<group>";
		};
		3B4ED02E2BD774450000D416 /* PixivTutorial */ = {
			isa = PBXGroup;
			children = (
				3B4ED02F2BD774450000D416 /* AppDelegate.swift */,
				3B4ED0312BD774450000D416 /* SceneDelegate.swift */,
				3B4ED0332BD774450000D416 /* ViewController.swift */,
				3B4ED0352BD774450000D416 /* Main.storyboard */,
				3B4ED05F2BDD467A0000D416 /* CollectionViewCell.swift */,
				3B4ED0602BDD467A0000D416 /* CollectionViewCell.xib */,
				3B4ED0382BD774470000D416 /* Assets.xcassets */,
				3B4ED03A2BD774470000D416 /* LaunchScreen.storyboard */,
				3B4ED03D2BD774470000D416 /* Info.plist */,
			);
			path = PixivTutorial;
			sourceTree = "<group>";
		};
		3B4ED0452BD774470000D416 /* PixivTutorialTests */ = {
			isa = PBXGroup;
			children = (
				3B4ED0462BD774470000D416 /* PixivTutorialTests.swift */,
			);
			path = PixivTutorialTests;
			sourceTree = "<group>";
		};
		3B4ED04F2BD774470000D416 /* PixivTutorialUITests */ = {
			isa = PBXGroup;
			children = (
				3B4ED0502BD774470000D416 /* PixivTutorialUITests.swift */,
				3B4ED0522BD774480000D416 /* PixivTutorialUITestsLaunchTests.swift */,
			);
			path = PixivTutorialUITests;
			sourceTree = "<group>";
		};
/* End PBXGroup section */

/* Begin PBXNativeTarget section */
		3B4ED02B2BD774450000D416 /* PixivTutorial */ = {
			isa = PBXNativeTarget;
			buildConfigurationList = 3B4ED0562BD774480000D416 /* Build configuration list for PBXNativeTarget "PixivTutorial" */;
			buildPhases = (
				3B4ED0282BD774450000D416 /* Sources */,
				3B4ED0292BD774450000D416 /* Frameworks */,
				3B4ED02A2BD774450000D416 /* Resources */,
			);
			buildRules = (
			);
			dependencies = (
			);
			name = PixivTutorial;
			productName = PixivTutorial;
			productReference = 3B4ED02C2BD774450000D416 /* PixivTutorial.app */;
			productType = "com.apple.product-type.application";
		};
		3B4ED0412BD774470000D416 /* PixivTutorialTests */ = {
			isa = PBXNativeTarget;
			buildConfigurationList = 3B4ED0592BD774480000D416 /* Build configuration list for PBXNativeTarget "PixivTutorialTests" */;
			buildPhases = (
				3B4ED03E2BD774470000D416 /* Sources */,
				3B4ED03F2BD774470000D416 /* Frameworks */,
				3B4ED0402BD774470000D416 /* Resources */,
			);
			buildRules = (
			);
			dependencies = (
				3B4ED0442BD774470000D416 /* PBXTargetDependency */,
			);
			name = PixivTutorialTests;
			productName = PixivTutorialTests;
			productReference = 3B4ED0422BD774470000D416 /* PixivTutorialTests.xctest */;
			productType = "com.apple.product-type.bundle.unit-test";
		};
		3B4ED04B2BD774470000D416 /* PixivTutorialUITests */ = {
			isa = PBXNativeTarget;
			buildConfigurationList = 3B4ED05C2BD774480000D416 /* Build configuration list for PBXNativeTarget "PixivTutorialUITests" */;
			buildPhases = (
				3B4ED0482BD774470000D416 /* Sources */,
				3B4ED0492BD774470000D416 /* Frameworks */,
				3B4ED04A2BD774470000D416 /* Resources */,
			);
			buildRules = (
			);
			dependencies = (
				3B4ED04E2BD774470000D416 /* PBXTargetDependency */,
			);
			name = PixivTutorialUITests;
			productName = PixivTutorialUITests;
			productReference = 3B4ED04C2BD774470000D416 /* PixivTutorialUITests.xctest */;
			productType = "com.apple.product-type.bundle.ui-testing";
		};
/* End PBXNativeTarget section */

/* Begin PBXProject section */
		3B4ED0242BD774450000D416 /* Project object */ = {
			isa = PBXProject;
			attributes = {
				BuildIndependentTargetsInParallel = 1;
				LastSwiftUpdateCheck = 1520;
				LastUpgradeCheck = 1520;
				TargetAttributes = {
					3B4ED02B2BD774450000D416 = {
						CreatedOnToolsVersion = 15.2;
					};
					3B4ED0412BD774470000D416 = {
						CreatedOnToolsVersion = 15.2;
						TestTargetID = 3B4ED02B2BD774450000D416;
					};
					3B4ED04B2BD774470000D416 = {
						CreatedOnToolsVersion = 15.2;
						TestTargetID = 3B4ED02B2BD774450000D416;
					};
				};
			};
			buildConfigurationList = 3B4ED0272BD774450000D416 /* Build configuration list for PBXProject "PixivTutorial" */;
			compatibilityVersion = "Xcode 14.0";
			developmentRegion = en;
			hasScannedForEncodings = 0;
			knownRegions = (
				en,
				Base,
			);
			mainGroup = 3B4ED0232BD774450000D416;
			productRefGroup = 3B4ED02D2BD774450000D416 /* Products */;
			projectDirPath = "";
			projectRoot = "";
			targets = (
				3B4ED02B2BD774450000D416 /* PixivTutorial */,
				3B4ED0412BD774470000D416 /* PixivTutorialTests */,
				3B4ED04B2BD774470000D416 /* PixivTutorialUITests */,
			);
		};
/* End PBXProject section */

/* Begin PBXResourcesBuildPhase section */
		3B4ED02A2BD774450000D416 /* Resources */ = {
			isa = PBXResourcesBuildPhase;
			buildActionMask = 2147483647;
			files = (
				3B4ED03C2BD774470000D416 /* LaunchScreen.storyboard in Resources */,
				3B4ED0392BD774470000D416 /* Assets.xcassets in Resources */,
				3B4ED0622BDD467A0000D416 /* CollectionViewCell.xib in Resources */,
				3B4ED0372BD774450000D416 /* Main.storyboard in Resources */,
			);
			runOnlyForDeploymentPostprocessing = 0;
		};
		3B4ED0402BD774470000D416 /* Resources */ = {
			isa = PBXResourcesBuildPhase;
			buildActionMask = 2147483647;
			files = (
			);
			runOnlyForDeploymentPostprocessing = 0;
		};
		3B4ED04A2BD774470000D416 /* Resources */ = {
			isa = PBXResourcesBuildPhase;
			buildActionMask = 2147483647;
			files = (
			);
			runOnlyForDeploymentPostprocessing = 0;
		};
/* End PBXResourcesBuildPhase section */

/* Begin PBXSourcesBuildPhase section */
		3B4ED0282BD774450000D416 /* Sources */ = {
			isa = PBXSourcesBuildPhase;
			buildActionMask = 2147483647;
			files = (
				3B4ED0342BD774450000D416 /* ViewController.swift in Sources */,
				3B4ED0302BD774450000D416 /* AppDelegate.swift in Sources */,
				3B4ED0612BDD467A0000D416 /* CollectionViewCell.swift in Sources */,
				3B4ED0322BD774450000D416 /* SceneDelegate.swift in Sources */,
			);
			runOnlyForDeploymentPostprocessing = 0;
		};
		3B4ED03E2BD774470000D416 /* Sources */ = {
			isa = PBXSourcesBuildPhase;
			buildActionMask = 2147483647;
			files = (
				3B4ED0472BD774470000D416 /* PixivTutorialTests.swift in Sources */,
			);
			runOnlyForDeploymentPostprocessing = 0;
		};
		3B4ED0482BD774470000D416 /* Sources */ = {
			isa = PBXSourcesBuildPhase;
			buildActionMask = 2147483647;
			files = (
				3B4ED0512BD774470000D416 /* PixivTutorialUITests.swift in Sources */,
				3B4ED0532BD774480000D416 /* PixivTutorialUITestsLaunchTests.swift in Sources */,
			);
			runOnlyForDeploymentPostprocessing = 0;
		};
/* End PBXSourcesBuildPhase section */

/* Begin PBXTargetDependency section */
		3B4ED0442BD774470000D416 /* PBXTargetDependency */ = {
			isa = PBXTargetDependency;
			target = 3B4ED02B2BD774450000D416 /* PixivTutorial */;
			targetProxy = 3B4ED0432BD774470000D416 /* PBXContainerItemProxy */;
		};
		3B4ED04E2BD774470000D416 /* PBXTargetDependency */ = {
			isa = PBXTargetDependency;
			target = 3B4ED02B2BD774450000D416 /* PixivTutorial */;
			targetProxy = 3B4ED04D2BD774470000D416 /* PBXContainerItemProxy */;
		};
/* End PBXTargetDependency section */

/* Begin PBXVariantGroup section */
		3B4ED0352BD774450000D416 /* Main.storyboard */ = {
			isa = PBXVariantGroup;
			children = (
				3B4ED0362BD774450000D416 /* Base */,
			);
			name = Main.storyboard;
			sourceTree = "<group>";
		};
		3B4ED03A2BD774470000D416 /* LaunchScreen.storyboard */ = {
			isa = PBXVariantGroup;
			children = (
				3B4ED03B2BD774470000D416 /* Base */,
			);
			name = LaunchScreen.storyboard;
			sourceTree = "<group>";
		};
/* End PBXVariantGroup section */

/* Begin XCBuildConfiguration section */
		3B4ED0542BD774480000D416 /* Debug */ = {
			isa = XCBuildConfiguration;
			buildSettings = {
				ALWAYS_SEARCH_USER_PATHS = NO;
				ASSETCATALOG_COMPILER_GENERATE_SWIFT_ASSET_SYMBOL_EXTENSIONS = YES;
				CLANG_ANALYZER_NONNULL = YES;
				CLANG_ANALYZER_NUMBER_OBJECT_CONVERSION = YES_AGGRESSIVE;
				CLANG_CXX_LANGUAGE_STANDARD = "gnu++20";
				CLANG_ENABLE_MODULES = YES;
				CLANG_ENABLE_OBJC_ARC = YES;
				CLANG_ENABLE_OBJC_WEAK = YES;
				CLANG_WARN_BLOCK_CAPTURE_AUTORELEASING = YES;
				CLANG_WARN_BOOL_CONVERSION = YES;
				CLANG_WARN_COMMA = YES;
				CLANG_WARN_CONSTANT_CONVERSION = YES;
				CLANG_WARN_DEPRECATED_OBJC_IMPLEMENTATIONS = YES;
				CLANG_WARN_DIRECT_OBJC_ISA_USAGE = YES_ERROR;
				CLANG_WARN_DOCUMENTATION_COMMENTS = YES;
				CLANG_WARN_EMPTY_BODY = YES;
				CLANG_WARN_ENUM_CONVERSION = YES;
				CLANG_WARN_INFINITE_RECURSION = YES;
				CLANG_WARN_INT_CONVERSION = YES;
				CLANG_WARN_NON_LITERAL_NULL_CONVERSION = YES;
				CLANG_WARN_OBJC_IMPLICIT_RETAIN_SELF = YES;
				CLANG_WARN_OBJC_LITERAL_CONVERSION = YES;
				CLANG_WARN_OBJC_ROOT_CLASS = YES_ERROR;
				CLANG_WARN_QUOTED_INCLUDE_IN_FRAMEWORK_HEADER = YES;
				CLANG_WARN_RANGE_LOOP_ANALYSIS = YES;
				CLANG_WARN_STRICT_PROTOTYPES = YES;
				CLANG_WARN_SUSPICIOUS_MOVE = YES;
				CLANG_WARN_UNGUARDED_AVAILABILITY = YES_AGGRESSIVE;
				CLANG_WARN_UNREACHABLE_CODE = YES;
				CLANG_WARN__DUPLICATE_METHOD_MATCH = YES;
				COPY_PHASE_STRIP = NO;
				DEBUG_INFORMATION_FORMAT = dwarf;
				ENABLE_STRICT_OBJC_MSGSEND = YES;
				ENABLE_TESTABILITY = YES;
				ENABLE_USER_SCRIPT_SANDBOXING = YES;
				GCC_C_LANGUAGE_STANDARD = gnu17;
				GCC_DYNAMIC_NO_PIC = NO;
				GCC_NO_COMMON_BLOCKS = YES;
				GCC_OPTIMIZATION_LEVEL = 0;
				GCC_PREPROCESSOR_DEFINITIONS = (
					"DEBUG=1",
					"$(inherited)",
				);
				GCC_WARN_64_TO_32_BIT_CONVERSION = YES;
				GCC_WARN_ABOUT_RETURN_TYPE = YES_ERROR;
				GCC_WARN_UNDECLARED_SELECTOR = YES;
				GCC_WARN_UNINITIALIZED_AUTOS = YES_AGGRESSIVE;
				GCC_WARN_UNUSED_FUNCTION = YES;
				GCC_WARN_UNUSED_VARIABLE = YES;
				IPHONEOS_DEPLOYMENT_TARGET = 15.4;
				LOCALIZATION_PREFERS_STRING_CATALOGS = YES;
				MTL_ENABLE_DEBUG_INFO = INCLUDE_SOURCE;
				MTL_FAST_MATH = YES;
				ONLY_ACTIVE_ARCH = YES;
				SDKROOT = iphoneos;
				SWIFT_ACTIVE_COMPILATION_CONDITIONS = "DEBUG $(inherited)";
				SWIFT_OPTIMIZATION_LEVEL = "-Onone";
			};
			name = Debug;
		};
		3B4ED0552BD774480000D416 /* Release */ = {
			isa = XCBuildConfiguration;
			buildSettings = {
				ALWAYS_SEARCH_USER_PATHS = NO;
				ASSETCATALOG_COMPILER_GENERATE_SWIFT_ASSET_SYMBOL_EXTENSIONS = YES;
				CLANG_ANALYZER_NONNULL = YES;
				CLANG_ANALYZER_NUMBER_OBJECT_CONVERSION = YES_AGGRESSIVE;
				CLANG_CXX_LANGUAGE_STANDARD = "gnu++20";
				CLANG_ENABLE_MODULES = YES;
				CLANG_ENABLE_OBJC_ARC = YES;
				CLANG_ENABLE_OBJC_WEAK = YES;
				CLANG_WARN_BLOCK_CAPTURE_AUTORELEASING = YES;
				CLANG_WARN_BOOL_CONVERSION = YES;
				CLANG_WARN_COMMA = YES;
				CLANG_WARN_CONSTANT_CONVERSION = YES;
				CLANG_WARN_DEPRECATED_OBJC_IMPLEMENTATIONS = YES;
				CLANG_WARN_DIRECT_OBJC_ISA_USAGE = YES_ERROR;
				CLANG_WARN_DOCUMENTATION_COMMENTS = YES;
				CLANG_WARN_EMPTY_BODY = YES;
				CLANG_WARN_ENUM_CONVERSION = YES;
				CLANG_WARN_INFINITE_RECURSION = YES;
				CLANG_WARN_INT_CONVERSION = YES;
				CLANG_WARN_NON_LITERAL_NULL_CONVERSION = YES;
				CLANG_WARN_OBJC_IMPLICIT_RETAIN_SELF = YES;
				CLANG_WARN_OBJC_LITERAL_CONVERSION = YES;
				CLANG_WARN_OBJC_ROOT_CLASS = YES_ERROR;
				CLANG_WARN_QUOTED_INCLUDE_IN_FRAMEWORK_HEADER = YES;
				CLANG_WARN_RANGE_LOOP_ANALYSIS = YES;
				CLANG_WARN_STRICT_PROTOTYPES = YES;
				CLANG_WARN_SUSPICIOUS_MOVE = YES;
				CLANG_WARN_UNGUARDED_AVAILABILITY = YES_AGGRESSIVE;
				CLANG_WARN_UNREACHABLE_CODE = YES;
				CLANG_WARN__DUPLICATE_METHOD_MATCH = YES;
				COPY_PHASE_STRIP = NO;
				DEBUG_INFORMATION_FORMAT = "dwarf-with-dsym";
				ENABLE_NS_ASSERTIONS = NO;
				ENABLE_STRICT_OBJC_MSGSEND = YES;
				ENABLE_USER_SCRIPT_SANDBOXING = YES;
				GCC_C_LANGUAGE_STANDARD = gnu17;
				GCC_NO_COMMON_BLOCKS = YES;
				GCC_WARN_64_TO_32_BIT_CONVERSION = YES;
				GCC_WARN_ABOUT_RETURN_TYPE = YES_ERROR;
				GCC_WARN_UNDECLARED_SELECTOR = YES;
				GCC_WARN_UNINITIALIZED_AUTOS = YES_AGGRESSIVE;
				GCC_WARN_UNUSED_FUNCTION = YES;
				GCC_WARN_UNUSED_VARIABLE = YES;
				IPHONEOS_DEPLOYMENT_TARGET = 15.4;
				LOCALIZATION_PREFERS_STRING_CATALOGS = YES;
				MTL_ENABLE_DEBUG_INFO = NO;
				MTL_FAST_MATH = YES;
				SDKROOT = iphoneos;
				SWIFT_COMPILATION_MODE = wholemodule;
				VALIDATE_PRODUCT = YES;
			};
			name = Release;
		};
		3B4ED0572BD774480000D416 /* Debug */ = {
			isa = XCBuildConfiguration;
			buildSettings = {
				ASSETCATALOG_COMPILER_APPICON_NAME = AppIcon;
				ASSETCATALOG_COMPILER_GLOBAL_ACCENT_COLOR_NAME = AccentColor;
				CODE_SIGN_STYLE = Automatic;
				CURRENT_PROJECT_VERSION = 1;
				DEVELOPMENT_TEAM = DW275526Z6;
				GENERATE_INFOPLIST_FILE = YES;
				INFOPLIST_FILE = PixivTutorial/Info.plist;
				INFOPLIST_KEY_UIApplicationSupportsIndirectInputEvents = YES;
				INFOPLIST_KEY_UILaunchStoryboardName = LaunchScreen;
				INFOPLIST_KEY_UIMainStoryboardFile = Main;
				INFOPLIST_KEY_UISupportedInterfaceOrientations_iPad = "UIInterfaceOrientationPortrait UIInterfaceOrientationPortraitUpsideDown UIInterfaceOrientationLandscapeLeft UIInterfaceOrientationLandscapeRight";
				INFOPLIST_KEY_UISupportedInterfaceOrientations_iPhone = "UIInterfaceOrientationPortrait UIInterfaceOrientationLandscapeLeft UIInterfaceOrientationLandscapeRight";
				LD_RUNPATH_SEARCH_PATHS = (
					"$(inherited)",
					"@executable_path/Frameworks",
				);
				MARKETING_VERSION = 1.0;
				PRODUCT_BUNDLE_IDENTIFIER = com.imael.PixivTutorial;
				PRODUCT_NAME = "$(TARGET_NAME)";
				SWIFT_EMIT_LOC_STRINGS = YES;
				SWIFT_VERSION = 5.0;
				TARGETED_DEVICE_FAMILY = "1,2";
			};
			name = Debug;
		};
		3B4ED0582BD774480000D416 /* Release */ = {
			isa = XCBuildConfiguration;
			buildSettings = {
				ASSETCATALOG_COMPILER_APPICON_NAME = AppIcon;
				ASSETCATALOG_COMPILER_GLOBAL_ACCENT_COLOR_NAME = AccentColor;
				CODE_SIGN_STYLE = Automatic;
				CURRENT_PROJECT_VERSION = 1;
				DEVELOPMENT_TEAM = DW275526Z6;
				GENERATE_INFOPLIST_FILE = YES;
				INFOPLIST_FILE = PixivTutorial/Info.plist;
				INFOPLIST_KEY_UIApplicationSupportsIndirectInputEvents = YES;
				INFOPLIST_KEY_UILaunchStoryboardName = LaunchScreen;
				INFOPLIST_KEY_UIMainStoryboardFile = Main;
				INFOPLIST_KEY_UISupportedInterfaceOrientations_iPad = "UIInterfaceOrientationPortrait UIInterfaceOrientationPortraitUpsideDown UIInterfaceOrientationLandscapeLeft UIInterfaceOrientationLandscapeRight";
				INFOPLIST_KEY_UISupportedInterfaceOrientations_iPhone = "UIInterfaceOrientationPortrait UIInterfaceOrientationLandscapeLeft UIInterfaceOrientationLandscapeRight";
				LD_RUNPATH_SEARCH_PATHS = (
					"$(inherited)",
					"@executable_path/Frameworks",
				);
				MARKETING_VERSION = 1.0;
				PRODUCT_BUNDLE_IDENTIFIER = com.imael.PixivTutorial;
				PRODUCT_NAME = "$(TARGET_NAME)";
				SWIFT_EMIT_LOC_STRINGS = YES;
				SWIFT_VERSION = 5.0;
				TARGETED_DEVICE_FAMILY = "1,2";
			};
			name = Release;
		};
		3B4ED05A2BD774480000D416 /* Debug */ = {
			isa = XCBuildConfiguration;
			buildSettings = {
				ALWAYS_EMBED_SWIFT_STANDARD_LIBRARIES = YES;
				BUNDLE_LOADER = "$(TEST_HOST)";
				CODE_SIGN_STYLE = Automatic;
				CURRENT_PROJECT_VERSION = 1;
				DEVELOPMENT_TEAM = DW275526Z6;
				GENERATE_INFOPLIST_FILE = YES;
				IPHONEOS_DEPLOYMENT_TARGET = 17.2;
				MARKETING_VERSION = 1.0;
				PRODUCT_BUNDLE_IDENTIFIER = com.imael.PixivTutorialTests;
				PRODUCT_NAME = "$(TARGET_NAME)";
				SWIFT_EMIT_LOC_STRINGS = NO;
				SWIFT_VERSION = 5.0;
				TARGETED_DEVICE_FAMILY = "1,2";
				TEST_HOST = "$(BUILT_PRODUCTS_DIR)/PixivTutorial.app/$(BUNDLE_EXECUTABLE_FOLDER_PATH)/PixivTutorial";
			};
			name = Debug;
		};
		3B4ED05B2BD774480000D416 /* Release */ = {
			isa = XCBuildConfiguration;
			buildSettings = {
				ALWAYS_EMBED_SWIFT_STANDARD_LIBRARIES = YES;
				BUNDLE_LOADER = "$(TEST_HOST)";
				CODE_SIGN_STYLE = Automatic;
				CURRENT_PROJECT_VERSION = 1;
				DEVELOPMENT_TEAM = DW275526Z6;
				GENERATE_INFOPLIST_FILE = YES;
				IPHONEOS_DEPLOYMENT_TARGET = 17.2;
				MARKETING_VERSION = 1.0;
				PRODUCT_BUNDLE_IDENTIFIER = com.imael.PixivTutorialTests;
				PRODUCT_NAME = "$(TARGET_NAME)";
				SWIFT_EMIT_LOC_STRINGS = NO;
				SWIFT_VERSION = 5.0;
				TARGETED_DEVICE_FAMILY = "1,2";
				TEST_HOST = "$(BUILT_PRODUCTS_DIR)/PixivTutorial.app/$(BUNDLE_EXECUTABLE_FOLDER_PATH)/PixivTutorial";
			};
			name = Release;
		};
		3B4ED05D2BD774480000D416 /* Debug */ = {
			isa = XCBuildConfiguration;
			buildSettings = {
				ALWAYS_EMBED_SWIFT_STANDARD_LIBRARIES = YES;
				CODE_SIGN_STYLE = Automatic;
				CURRENT_PROJECT_VERSION = 1;
				DEVELOPMENT_TEAM = DW275526Z6;
				GENERATE_INFOPLIST_FILE = YES;
				MARKETING_VERSION = 1.0;
				PRODUCT_BUNDLE_IDENTIFIER = com.imael.PixivTutorialUITests;
				PRODUCT_NAME = "$(TARGET_NAME)";
				SWIFT_EMIT_LOC_STRINGS = NO;
				SWIFT_VERSION = 5.0;
				TARGETED_DEVICE_FAMILY = "1,2";
				TEST_TARGET_NAME = PixivTutorial;
			};
			name = Debug;
		};
		3B4ED05E2BD774480000D416 /* Release */ = {
			isa = XCBuildConfiguration;
			buildSettings = {
				ALWAYS_EMBED_SWIFT_STANDARD_LIBRARIES = YES;
				CODE_SIGN_STYLE = Automatic;
				CURRENT_PROJECT_VERSION = 1;
				DEVELOPMENT_TEAM = DW275526Z6;
				GENERATE_INFOPLIST_FILE = YES;
				MARKETING_VERSION = 1.0;
				PRODUCT_BUNDLE_IDENTIFIER = com.imael.PixivTutorialUITests;
				PRODUCT_NAME = "$(TARGET_NAME)";
				SWIFT_EMIT_LOC_STRINGS = NO;
				SWIFT_VERSION = 5.0;
				TARGETED_DEVICE_FAMILY = "1,2";
				TEST_TARGET_NAME = PixivTutorial;
			};
			name = Release;
		};
/* End XCBuildConfiguration section */

/* Begin XCConfigurationList section */
		3B4ED0272BD774450000D416 /* Build configuration list for PBXProject "PixivTutorial" */ = {
			isa = XCConfigurationList;
			buildConfigurations = (
				3B4ED0542BD774480000D416 /* Debug */,
				3B4ED0552BD774480000D416 /* Release */,
			);
			defaultConfigurationIsVisible = 0;
			defaultConfigurationName = Release;
		};
		3B4ED0562BD774480000D416 /* Build configuration list for PBXNativeTarget "PixivTutorial" */ = {
			isa = XCConfigurationList;
			buildConfigurations = (
				3B4ED0572BD774480000D416 /* Debug */,
				3B4ED0582BD774480000D416 /* Release */,
			);
			defaultConfigurationIsVisible = 0;
			defaultConfigurationName = Release;
		};
		3B4ED0592BD774480000D416 /* Build configuration list for PBXNativeTarget "PixivTutorialTests" */ = {
			isa = XCConfigurationList;
			buildConfigurations = (
				3B4ED05A2BD774480000D416 /* Debug */,
				3B4ED05B2BD774480000D416 /* Release */,
			);
			defaultConfigurationIsVisible = 0;
			defaultConfigurationName = Release;
		};
		3B4ED05C2BD774480000D416 /* Build configuration list for PBXNativeTarget "PixivTutorialUITests" */ = {
			isa = XCConfigurationList;
			buildConfigurations = (
				3B4ED05D2BD774480000D416 /* Debug */,
				3B4ED05E2BD774480000D416 /* Release */,
			);
			defaultConfigurationIsVisible = 0;
			defaultConfigurationName = Release;
		};
/* End XCConfigurationList section */
	};
	rootObject = 3B4ED0242BD774450000D416 /* Project object */;
}
